
Microsoft Visual Studio Solution File, Format Version 12.00
# Visual Studio Version 17
VisualStudioVersion = 17.9.34701.34
MinimumVisualStudioVersion = 10.0.40219.1
Project("{9A19103F-16F7-4668-BE54-9A1E7A4F7556}") = "KiCData", "kicdata\KiCData.csproj", "{A92C23A0-C1A0-4C65-96D5-A7EFBB1A93C0}"
EndProject
Project("{9A19103F-16F7-4668-BE54-9A1E7A4F7556}") = "KiCWeb", "kicweb\KiCWeb.csproj", "{DF1B15D6-D005-448C-B32D-9B924CC2111D}"
	ProjectSection(ProjectDependencies) = postProject
		{A92C23A0-C1A0-4C65-96D5-A7EFBB1A93C0} = {A92C23A0-C1A0-4C65-96D5-A7EFBB1A93C0}
	EndProjectSection
EndProject
Project("{2150E333-8FDC-42A3-9474-1A3956D46DE8}") = "Solution Items", "Solution Items", "{A9C10A06-F5D1-4041-A564-143AA4BC3625}"
	ProjectSection(SolutionItems) = preProject
		.gitignore = .gitignore
		README.md = README.md
	EndProjectSection
	ProjectSection(FolderGlobals) = preProject
		C_5_4Users_4gckel_4source_4repos_4kic_4appsettings_1Development_1json__JsonSchema = 
	EndProjectSection
EndProject
Project("{FAE04EC0-301F-11D3-BF4B-00C04F79EFBC}") = "Testing", "Testing\Testing.csproj", "{B4B02CA4-BF61-4894-B9E6-15F7B63E1335}"
	ProjectSection(ProjectDependencies) = postProject
		{A92C23A0-C1A0-4C65-96D5-A7EFBB1A93C0} = {A92C23A0-C1A0-4C65-96D5-A7EFBB1A93C0}
		{DF1B15D6-D005-448C-B32D-9B924CC2111D} = {DF1B15D6-D005-448C-B32D-9B924CC2111D}
	EndProjectSection
EndProject
Project("{FAE04EC0-301F-11D3-BF4B-00C04F79EFBC}") = "Scripts", "Scripts\Scripts.csproj", "{A482A97B-D4BB-403A-9007-47B30B47C834}"
	ProjectSection(ProjectDependencies) = postProject
		{A92C23A0-C1A0-4C65-96D5-A7EFBB1A93C0} = {A92C23A0-C1A0-4C65-96D5-A7EFBB1A93C0}
	EndProjectSection
EndProject
Global
	GlobalSection(SolutionConfigurationPlatforms) = preSolution
		Debug|Any CPU = Debug|Any CPU
		Release|Any CPU = Release|Any CPU
	EndGlobalSection
	GlobalSection(ProjectConfigurationPlatforms) = postSolution
		{A92C23A0-C1A0-4C65-96D5-A7EFBB1A93C0}.Debug|Any CPU.ActiveCfg = Debug|Any CPU
		{A92C23A0-C1A0-4C65-96D5-A7EFBB1A93C0}.Debug|Any CPU.Build.0 = Debug|Any CPU
		{A92C23A0-C1A0-4C65-96D5-A7EFBB1A93C0}.Release|Any CPU.ActiveCfg = Release|Any CPU
		{A92C23A0-C1A0-4C65-96D5-A7EFBB1A93C0}.Release|Any CPU.Build.0 = Release|Any CPU
		{DF1B15D6-D005-448C-B32D-9B924CC2111D}.Debug|Any CPU.ActiveCfg = Debug|Any CPU
		{DF1B15D6-D005-448C-B32D-9B924CC2111D}.Debug|Any CPU.Build.0 = Debug|Any CPU
		{DF1B15D6-D005-448C-B32D-9B924CC2111D}.Release|Any CPU.ActiveCfg = Release|Any CPU
		{DF1B15D6-D005-448C-B32D-9B924CC2111D}.Release|Any CPU.Build.0 = Release|Any CPU
		{B4B02CA4-BF61-4894-B9E6-15F7B63E1335}.Debug|Any CPU.ActiveCfg = Debug|Any CPU
		{B4B02CA4-BF61-4894-B9E6-15F7B63E1335}.Debug|Any CPU.Build.0 = Debug|Any CPU
		{B4B02CA4-BF61-4894-B9E6-15F7B63E1335}.Release|Any CPU.ActiveCfg = Release|Any CPU
		{B4B02CA4-BF61-4894-B9E6-15F7B63E1335}.Release|Any CPU.Build.0 = Release|Any CPU
		{A482A97B-D4BB-403A-9007-47B30B47C834}.Debug|Any CPU.ActiveCfg = Debug|Any CPU
		{A482A97B-D4BB-403A-9007-47B30B47C834}.Debug|Any CPU.Build.0 = Debug|Any CPU
		{A482A97B-D4BB-403A-9007-47B30B47C834}.Release|Any CPU.ActiveCfg = Release|Any CPU
		{A482A97B-D4BB-403A-9007-47B30B47C834}.Release|Any CPU.Build.0 = Release|Any CPU
	EndGlobalSection
	GlobalSection(SolutionProperties) = preSolution
		HideSolutionNode = FALSE
	EndGlobalSection
	GlobalSection(ExtensibilityGlobals) = postSolution
		SolutionGuid = {8EB1971B-4DF7-4718-8861-7D415FD82E7A}
	EndGlobalSection
EndGlobal
