
Microsoft Visual Studio Solution File, Format Version 12.00
# Visual Studio Version 17
VisualStudioVersion = 17.5.002.0
MinimumVisualStudioVersion = 10.0.40219.1
Project("{9A19103F-16F7-4668-BE54-9A1E7A4F7556}") = "kicweb", "kicweb.csproj", "{50362013-C3D4-4276-BD54-7275B3575E60}"
EndProject
Global
	GlobalSection(SolutionConfigurationPlatforms) = preSolution
		Debug|Any CPU = Debug|Any CPU
		Release|Any CPU = Release|Any CPU
	EndGlobalSection
	GlobalSection(ProjectConfigurationPlatforms) = postSolution
		{50362013-C3D4-4276-BD54-7275B3575E60}.Debug|Any CPU.ActiveCfg = Debug|Any CPU
		{50362013-C3D4-4276-BD54-7275B3575E60}.Debug|Any CPU.Build.0 = Debug|Any CPU
		{50362013-C3D4-4276-BD54-7275B3575E60}.Release|Any CPU.ActiveCfg = Release|Any CPU
		{50362013-C3D4-4276-BD54-7275B3575E60}.Release|Any CPU.Build.0 = Release|Any CPU
	EndGlobalSection
	GlobalSection(SolutionProperties) = preSolution
		HideSolutionNode = FALSE
	EndGlobalSection
	GlobalSection(ExtensibilityGlobals) = postSolution
		SolutionGuid = {BCE534DA-B72A-42D9-A82A-68D79A6824A0}
	EndGlobalSection
EndGlobal
